{
    "name": "default",
    "version": "1.0.0",
    "lockfileVersion": 2,
    "requires": true,
    "packages": {
        "": {
            "name": "default",
            "version": "1.0.0",
            "license": "ISC",
            "devDependencies": {
                "@skylixgh/nitrojs-cli": "file:../../.."
            }
        },
        "../../..": {
            "version": "2.0.0-dev.1",
            "dev": true,
            "license": "MIT",
            "dependencies": {
                "@skylixgh/nitrojs-config-tools": "^2.0.0-dev.1",
                "@skylixgh/nitrojs-terminal": "2.0.0-dev.1",
                "@types/fs-extra": "^9.0.13",
                "commander": "^8.3.0",
                "deepmerge": "^4.2.2",
                "fs-extra": "^10.0.0",
                "ini": "^2.0.0",
                "semver": "^7.3.5",
                "source-map-support": "^0.5.21"
            },
            "bin": {
                "nitrojs": "build/bin/Binary.js"
            },
            "devDependencies": {
                "@types/ini": "^1.3.31",
                "@types/semver": "^7.3.9",
                "type-fest": "^2.10.0"
            }
        },
        "node_modules/@skylixgh/nitrojs-cli": {
            "resolved": "../../..",
            "link": true
        }
    },
    "dependencies": {
        "@skylixgh/nitrojs-cli": {
            "version": "file:../../..",
            "requires": {
                "@skylixgh/nitrojs-config-tools": "^2.0.0-dev.1",
                "@skylixgh/nitrojs-terminal": "2.0.0-dev.1",
                "@types/fs-extra": "^9.0.13",
                "@types/ini": "^1.3.31",
                "@types/semver": "^7.3.9",
                "commander": "^8.3.0",
                "deepmerge": "^4.2.2",
                "fs-extra": "^10.0.0",
                "ini": "^2.0.0",
                "semver": "^7.3.5",
                "source-map-support": "^0.5.21",
                "type-fest": "^2.10.0"
            }
        }
    }
}
