{
    "name": "my-project",
    "version": "1.0.0",
    "lockfileVersion": 2,
    "requires": true,
    "packages": {
        "": {
            "name": "my-project",
            "version": "1.0.0",
            "license": "MIT",
            "devDependencies": {
                "@skylixgh/nitrojs-cli": "file:../../../.."
            }
        },
        "../../../..": {
            "version": "2.0.0-dev.3",
            "dev": true,
            "license": "MIT",
            "dependencies": {
                "@skylixgh/nitrojs-terminal": "2.0.0-dev.3",
                "@types/fs-extra": "^9.0.13",
                "chokidar": "^3.5.3",
                "commander": "^8.3.0",
                "deepmerge": "^4.2.2",
                "fs-extra": "^10.0.0",
                "ini": "^2.0.0",
                "semver": "^7.3.5",
                "source-map-support": "^0.5.21",
                "terser": "^5.10.0",
                "tree-kill": "1.2.2",
                "typescript": "^4.5.5"
            },
            "bin": {
                "nitrojs": "build/bin/Binary.js"
            },
            "devDependencies": {
                "@types/ini": "^1.3.31",
                "@types/semver": "^7.3.9",
                "type-fest": "^2.10.0"
            }
        },
        "../../../../../..": {
            "name": "root",
            "dev": true,
            "hasInstallScript": true,
            "dependencies": {
                "@skylixgh/nitrojs-config-tools": "^1.0.0-dev.9"
            },
            "devDependencies": {
                "lerna": "^4.0.0",
                "prettier": "^2.5.1",
                "ts-node": "^10.4.0",
                "typescript": "^4.5.5"
            }
        },
        "node_modules/@skylixgh/nitrojs-cli": {
            "resolved": "../../../..",
            "link": true
        }
    },
    "dependencies": {
        "@skylixgh/nitrojs-cli": {
            "version": "file:../../../..",
            "requires": {
                "@skylixgh/nitrojs-terminal": "2.0.0-dev.3",
                "@types/fs-extra": "^9.0.13",
                "@types/ini": "^1.3.31",
                "@types/semver": "^7.3.9",
                "chokidar": "^3.5.3",
                "commander": "^8.3.0",
                "deepmerge": "^4.2.2",
                "fs-extra": "^10.0.0",
                "ini": "^2.0.0",
                "semver": "^7.3.5",
                "source-map-support": "^0.5.21",
                "terser": "^5.10.0",
                "tree-kill": "1.2.2",
                "type-fest": "^2.10.0",
                "typescript": "^4.5.5"
            }
        }
    }
}
